
Microsoft Visual Studio Solution File, Format Version 12.00
# Visual Studio Version 17
VisualStudioVersion = 17.5.002.0
MinimumVisualStudioVersion = 10.0.40219.1
Project("{9A19103F-16F7-4668-BE54-9A1E7A4F7556}") = "day01", "day01\day01.csproj", "{199A1958-5E69-4F3C-8476-37A75AC8EA42}"
EndProject
Project("{FAE04EC0-301F-11D3-BF4B-00C04F79EFBC}") = "lib", "..\lib\lib.csproj", "{012F0B98-373F-4A1E-B3B2-22BC4A2FEDBD}"
EndProject
Project("{FAE04EC0-301F-11D3-BF4B-00C04F79EFBC}") = "day02", "day02\day02.csproj", "{5E8FEB18-C6BA-4221-8711-6357A5C08376}"
EndProject
Project("{FAE04EC0-301F-11D3-BF4B-00C04F79EFBC}") = "day03", "day03\day03.csproj", "{CBA254D3-3107-48FE-A2FC-54911F962055}"
EndProject
Project("{FAE04EC0-301F-11D3-BF4B-00C04F79EFBC}") = "day04", "day04\day04.csproj", "{A4391687-7691-43AD-9E53-6024F4100403}"
EndProject
Project("{FAE04EC0-301F-11D3-BF4B-00C04F79EFBC}") = "day05", "day05\day05.csproj", "{B47B7C41-43BA-4CBF-9F23-39CC33F72909}"
EndProject
Project("{FAE04EC0-301F-11D3-BF4B-00C04F79EFBC}") = "day06", "day06\day06.csproj", "{9B80C30A-8A15-4B92-8A66-FCE1F3C41290}"
EndProject
Project("{FAE04EC0-301F-11D3-BF4B-00C04F79EFBC}") = "day07", "day07\day07.csproj", "{26795170-DDF3-4338-918D-72661439E4A3}"
EndProject
Project("{FAE04EC0-301F-11D3-BF4B-00C04F79EFBC}") = "day08", "day08\day08.csproj", "{1F886967-DF7B-4D2F-8149-83ECA5CBF02C}"
EndProject
Project("{FAE04EC0-301F-11D3-BF4B-00C04F79EFBC}") = "day09", "day09\day09.csproj", "{153BF3E5-EC08-4C0B-9B54-405817B9CE20}"
EndProject
Project("{FAE04EC0-301F-11D3-BF4B-00C04F79EFBC}") = "day10", "day10\day10.csproj", "{38FE480D-1021-4F21-8516-9E46C75BDA11}"
EndProject
Project("{FAE04EC0-301F-11D3-BF4B-00C04F79EFBC}") = "day11", "day11\day11.csproj", "{23F1A949-5DD4-4BA7-AFC2-5D1E78EEB9D1}"
EndProject
Project("{FAE04EC0-301F-11D3-BF4B-00C04F79EFBC}") = "day12", "day12\day12.csproj", "{075A88B7-0036-4D8C-92B2-4A5CEB6E06E8}"
EndProject
Project("{FAE04EC0-301F-11D3-BF4B-00C04F79EFBC}") = "day13", "day13\day13.csproj", "{7E448936-B883-44C3-A783-CA9692AC0D32}"
EndProject
Project("{FAE04EC0-301F-11D3-BF4B-00C04F79EFBC}") = "day14", "day14\day14.csproj", "{5A667503-7D95-4511-B9F2-18FE23A3D17B}"
EndProject
Project("{FAE04EC0-301F-11D3-BF4B-00C04F79EFBC}") = "day15", "day15\day15.csproj", "{4B2D0785-7436-496A-B2E8-AB7171F51DEE}"
EndProject
Project("{FAE04EC0-301F-11D3-BF4B-00C04F79EFBC}") = "day16", "day16\day16.csproj", "{5AAF5ACC-E199-4583-A06A-438FD85ACC3B}"
EndProject
Project("{FAE04EC0-301F-11D3-BF4B-00C04F79EFBC}") = "score", "score\score.csproj", "{D772E51B-AD74-4347-8680-D5F809CD62CE}"
EndProject
Project("{FAE04EC0-301F-11D3-BF4B-00C04F79EFBC}") = "day17", "day17\day17.csproj", "{585C1568-B107-46F6-9E9F-CA8991EA1997}"
EndProject
Project("{FAE04EC0-301F-11D3-BF4B-00C04F79EFBC}") = "day18", "day18\day18.csproj", "{044764E9-487B-42B7-91DB-B728F7D051F4}"
EndProject
Global
	GlobalSection(SolutionConfigurationPlatforms) = preSolution
		Debug|Any CPU = Debug|Any CPU
		Release|Any CPU = Release|Any CPU
	EndGlobalSection
	GlobalSection(ProjectConfigurationPlatforms) = postSolution
		{199A1958-5E69-4F3C-8476-37A75AC8EA42}.Debug|Any CPU.ActiveCfg = Debug|Any CPU
		{199A1958-5E69-4F3C-8476-37A75AC8EA42}.Debug|Any CPU.Build.0 = Debug|Any CPU
		{199A1958-5E69-4F3C-8476-37A75AC8EA42}.Release|Any CPU.ActiveCfg = Release|Any CPU
		{199A1958-5E69-4F3C-8476-37A75AC8EA42}.Release|Any CPU.Build.0 = Release|Any CPU
		{012F0B98-373F-4A1E-B3B2-22BC4A2FEDBD}.Debug|Any CPU.ActiveCfg = Debug|Any CPU
		{012F0B98-373F-4A1E-B3B2-22BC4A2FEDBD}.Debug|Any CPU.Build.0 = Debug|Any CPU
		{012F0B98-373F-4A1E-B3B2-22BC4A2FEDBD}.Release|Any CPU.ActiveCfg = Release|Any CPU
		{012F0B98-373F-4A1E-B3B2-22BC4A2FEDBD}.Release|Any CPU.Build.0 = Release|Any CPU
		{5E8FEB18-C6BA-4221-8711-6357A5C08376}.Debug|Any CPU.ActiveCfg = Debug|Any CPU
		{5E8FEB18-C6BA-4221-8711-6357A5C08376}.Debug|Any CPU.Build.0 = Debug|Any CPU
		{5E8FEB18-C6BA-4221-8711-6357A5C08376}.Release|Any CPU.ActiveCfg = Release|Any CPU
		{5E8FEB18-C6BA-4221-8711-6357A5C08376}.Release|Any CPU.Build.0 = Release|Any CPU
		{CBA254D3-3107-48FE-A2FC-54911F962055}.Debug|Any CPU.ActiveCfg = Debug|Any CPU
		{CBA254D3-3107-48FE-A2FC-54911F962055}.Debug|Any CPU.Build.0 = Debug|Any CPU
		{CBA254D3-3107-48FE-A2FC-54911F962055}.Release|Any CPU.ActiveCfg = Release|Any CPU
		{CBA254D3-3107-48FE-A2FC-54911F962055}.Release|Any CPU.Build.0 = Release|Any CPU
		{A4391687-7691-43AD-9E53-6024F4100403}.Debug|Any CPU.ActiveCfg = Debug|Any CPU
		{A4391687-7691-43AD-9E53-6024F4100403}.Debug|Any CPU.Build.0 = Debug|Any CPU
		{A4391687-7691-43AD-9E53-6024F4100403}.Release|Any CPU.ActiveCfg = Release|Any CPU
		{A4391687-7691-43AD-9E53-6024F4100403}.Release|Any CPU.Build.0 = Release|Any CPU
		{B47B7C41-43BA-4CBF-9F23-39CC33F72909}.Debug|Any CPU.ActiveCfg = Debug|Any CPU
		{B47B7C41-43BA-4CBF-9F23-39CC33F72909}.Debug|Any CPU.Build.0 = Debug|Any CPU
		{B47B7C41-43BA-4CBF-9F23-39CC33F72909}.Release|Any CPU.ActiveCfg = Release|Any CPU
		{B47B7C41-43BA-4CBF-9F23-39CC33F72909}.Release|Any CPU.Build.0 = Release|Any CPU
		{9B80C30A-8A15-4B92-8A66-FCE1F3C41290}.Debug|Any CPU.ActiveCfg = Debug|Any CPU
		{9B80C30A-8A15-4B92-8A66-FCE1F3C41290}.Debug|Any CPU.Build.0 = Debug|Any CPU
		{9B80C30A-8A15-4B92-8A66-FCE1F3C41290}.Release|Any CPU.ActiveCfg = Release|Any CPU
		{9B80C30A-8A15-4B92-8A66-FCE1F3C41290}.Release|Any CPU.Build.0 = Release|Any CPU
		{26795170-DDF3-4338-918D-72661439E4A3}.Debug|Any CPU.ActiveCfg = Debug|Any CPU
		{26795170-DDF3-4338-918D-72661439E4A3}.Debug|Any CPU.Build.0 = Debug|Any CPU
		{26795170-DDF3-4338-918D-72661439E4A3}.Release|Any CPU.ActiveCfg = Release|Any CPU
		{26795170-DDF3-4338-918D-72661439E4A3}.Release|Any CPU.Build.0 = Release|Any CPU
		{1F886967-DF7B-4D2F-8149-83ECA5CBF02C}.Debug|Any CPU.ActiveCfg = Debug|Any CPU
		{1F886967-DF7B-4D2F-8149-83ECA5CBF02C}.Debug|Any CPU.Build.0 = Debug|Any CPU
		{1F886967-DF7B-4D2F-8149-83ECA5CBF02C}.Release|Any CPU.ActiveCfg = Release|Any CPU
		{1F886967-DF7B-4D2F-8149-83ECA5CBF02C}.Release|Any CPU.Build.0 = Release|Any CPU
		{153BF3E5-EC08-4C0B-9B54-405817B9CE20}.Debug|Any CPU.ActiveCfg = Debug|Any CPU
		{153BF3E5-EC08-4C0B-9B54-405817B9CE20}.Debug|Any CPU.Build.0 = Debug|Any CPU
		{153BF3E5-EC08-4C0B-9B54-405817B9CE20}.Release|Any CPU.ActiveCfg = Release|Any CPU
		{153BF3E5-EC08-4C0B-9B54-405817B9CE20}.Release|Any CPU.Build.0 = Release|Any CPU
		{38FE480D-1021-4F21-8516-9E46C75BDA11}.Debug|Any CPU.ActiveCfg = Debug|Any CPU
		{38FE480D-1021-4F21-8516-9E46C75BDA11}.Debug|Any CPU.Build.0 = Debug|Any CPU
		{38FE480D-1021-4F21-8516-9E46C75BDA11}.Release|Any CPU.ActiveCfg = Release|Any CPU
		{38FE480D-1021-4F21-8516-9E46C75BDA11}.Release|Any CPU.Build.0 = Release|Any CPU
		{23F1A949-5DD4-4BA7-AFC2-5D1E78EEB9D1}.Debug|Any CPU.ActiveCfg = Debug|Any CPU
		{23F1A949-5DD4-4BA7-AFC2-5D1E78EEB9D1}.Debug|Any CPU.Build.0 = Debug|Any CPU
		{23F1A949-5DD4-4BA7-AFC2-5D1E78EEB9D1}.Release|Any CPU.ActiveCfg = Release|Any CPU
		{23F1A949-5DD4-4BA7-AFC2-5D1E78EEB9D1}.Release|Any CPU.Build.0 = Release|Any CPU
		{075A88B7-0036-4D8C-92B2-4A5CEB6E06E8}.Debug|Any CPU.ActiveCfg = Debug|Any CPU
		{075A88B7-0036-4D8C-92B2-4A5CEB6E06E8}.Debug|Any CPU.Build.0 = Debug|Any CPU
		{075A88B7-0036-4D8C-92B2-4A5CEB6E06E8}.Release|Any CPU.ActiveCfg = Release|Any CPU
		{075A88B7-0036-4D8C-92B2-4A5CEB6E06E8}.Release|Any CPU.Build.0 = Release|Any CPU
		{7E448936-B883-44C3-A783-CA9692AC0D32}.Debug|Any CPU.ActiveCfg = Debug|Any CPU
		{7E448936-B883-44C3-A783-CA9692AC0D32}.Debug|Any CPU.Build.0 = Debug|Any CPU
		{7E448936-B883-44C3-A783-CA9692AC0D32}.Release|Any CPU.ActiveCfg = Release|Any CPU
		{7E448936-B883-44C3-A783-CA9692AC0D32}.Release|Any CPU.Build.0 = Release|Any CPU
		{5A667503-7D95-4511-B9F2-18FE23A3D17B}.Debug|Any CPU.ActiveCfg = Debug|Any CPU
		{5A667503-7D95-4511-B9F2-18FE23A3D17B}.Debug|Any CPU.Build.0 = Debug|Any CPU
		{5A667503-7D95-4511-B9F2-18FE23A3D17B}.Release|Any CPU.ActiveCfg = Release|Any CPU
		{5A667503-7D95-4511-B9F2-18FE23A3D17B}.Release|Any CPU.Build.0 = Release|Any CPU
		{4B2D0785-7436-496A-B2E8-AB7171F51DEE}.Debug|Any CPU.ActiveCfg = Debug|Any CPU
		{4B2D0785-7436-496A-B2E8-AB7171F51DEE}.Debug|Any CPU.Build.0 = Debug|Any CPU
		{4B2D0785-7436-496A-B2E8-AB7171F51DEE}.Release|Any CPU.ActiveCfg = Release|Any CPU
		{4B2D0785-7436-496A-B2E8-AB7171F51DEE}.Release|Any CPU.Build.0 = Release|Any CPU
		{5AAF5ACC-E199-4583-A06A-438FD85ACC3B}.Debug|Any CPU.ActiveCfg = Debug|Any CPU
		{5AAF5ACC-E199-4583-A06A-438FD85ACC3B}.Debug|Any CPU.Build.0 = Debug|Any CPU
		{5AAF5ACC-E199-4583-A06A-438FD85ACC3B}.Release|Any CPU.ActiveCfg = Release|Any CPU
		{5AAF5ACC-E199-4583-A06A-438FD85ACC3B}.Release|Any CPU.Build.0 = Release|Any CPU
		{D772E51B-AD74-4347-8680-D5F809CD62CE}.Debug|Any CPU.ActiveCfg = Debug|Any CPU
		{D772E51B-AD74-4347-8680-D5F809CD62CE}.Debug|Any CPU.Build.0 = Debug|Any CPU
		{D772E51B-AD74-4347-8680-D5F809CD62CE}.Release|Any CPU.ActiveCfg = Release|Any CPU
		{D772E51B-AD74-4347-8680-D5F809CD62CE}.Release|Any CPU.Build.0 = Release|Any CPU
		{585C1568-B107-46F6-9E9F-CA8991EA1997}.Debug|Any CPU.ActiveCfg = Debug|Any CPU
		{585C1568-B107-46F6-9E9F-CA8991EA1997}.Debug|Any CPU.Build.0 = Debug|Any CPU
		{585C1568-B107-46F6-9E9F-CA8991EA1997}.Release|Any CPU.ActiveCfg = Release|Any CPU
		{585C1568-B107-46F6-9E9F-CA8991EA1997}.Release|Any CPU.Build.0 = Release|Any CPU
		{044764E9-487B-42B7-91DB-B728F7D051F4}.Debug|Any CPU.ActiveCfg = Debug|Any CPU
		{044764E9-487B-42B7-91DB-B728F7D051F4}.Debug|Any CPU.Build.0 = Debug|Any CPU
		{044764E9-487B-42B7-91DB-B728F7D051F4}.Release|Any CPU.ActiveCfg = Release|Any CPU
		{044764E9-487B-42B7-91DB-B728F7D051F4}.Release|Any CPU.Build.0 = Release|Any CPU
	EndGlobalSection
	GlobalSection(SolutionProperties) = preSolution
		HideSolutionNode = FALSE
	EndGlobalSection
	GlobalSection(ExtensibilityGlobals) = postSolution
		SolutionGuid = {96E0150F-9912-4DAD-83FF-8552281E8265}
	EndGlobalSection
EndGlobal
